
Microsoft Visual Studio Solution File, Format Version 12.00
# Visual Studio 15
VisualStudioVersion = 15.0.28307.705
MinimumVisualStudioVersion = 10.0.40219.1
Project("{FAE04EC0-301F-11D3-BF4B-00C04F79EFBC}") = "NumberSystemConverter", "NumberSystemConverter\NumberSystemConverter.csproj", "{7EE6D8BF-040B-47E0-B3E9-E7076EB2D75B}"
EndProject
Global
	GlobalSection(SolutionConfigurationPlatforms) = preSolution
		Debug|Any CPU = Debug|Any CPU
		Release|Any CPU = Release|Any CPU
	EndGlobalSection
	GlobalSection(ProjectConfigurationPlatforms) = postSolution
		{7EE6D8BF-040B-47E0-B3E9-E7076EB2D75B}.Debug|Any CPU.ActiveCfg = Debug|Any CPU
		{7EE6D8BF-040B-47E0-B3E9-E7076EB2D75B}.Debug|Any CPU.Build.0 = Debug|Any CPU
		{7EE6D8BF-040B-47E0-B3E9-E7076EB2D75B}.Release|Any CPU.ActiveCfg = Release|Any CPU
		{7EE6D8BF-040B-47E0-B3E9-E7076EB2D75B}.Release|Any CPU.Build.0 = Release|Any CPU
	EndGlobalSection
	GlobalSection(SolutionProperties) = preSolution
		HideSolutionNode = FALSE
	EndGlobalSection
	GlobalSection(ExtensibilityGlobals) = postSolution
		SolutionGuid = {E2744038-FB2F-4D8C-A723-BECBCAA7EA39}
	EndGlobalSection
EndGlobal
